
Microsoft Visual Studio Solution File, Format Version 12.00
# Visual Studio Version 17
VisualStudioVersion = 17.5.002.0
MinimumVisualStudioVersion = 10.0.40219.1
Project("{9A19103F-16F7-4668-BE54-9A1E7A4F7556}") = "Proton.Client.Core", "Proton.Client.Core\Proton.Client.Core.csproj", "{76BC93CD-6556-41F4-8F30-ACD863A4BDA5}"
EndProject
Project("{9A19103F-16F7-4668-BE54-9A1E7A4F7556}") = "Proton.Client.Infrastructure", "Proton.Client.Infrastructure\Proton.Client.Infrastructure.csproj", "{19DF224C-130E-45CB-B675-4273D633261C}"
EndProject
Project("{9A19103F-16F7-4668-BE54-9A1E7A4F7556}") = "Proton.Client.Resource", "Proton.Client.Resource\Proton.Client.Resource.csproj", "{137BD615-29E6-414B-BDCF-412A1CAFF961}"
EndProject
Project("{9A19103F-16F7-4668-BE54-9A1E7A4F7556}") = "Proton.Server.Core", "Proton.Server.Core\Proton.Server.Core.csproj", "{C05BE4ED-2DEA-4090-A2D2-7ABB18B7FF81}"
EndProject
Project("{9A19103F-16F7-4668-BE54-9A1E7A4F7556}") = "Proton.Server.Infrastructure", "Proton.Server.Infrastructure\Proton.Server.Infrastructure.csproj", "{C9180EFC-0B0F-49B5-AB9A-E92177259346}"
EndProject
Project("{9A19103F-16F7-4668-BE54-9A1E7A4F7556}") = "Proton.Server.Resource", "Proton.Server.Resource\Proton.Server.Resource.csproj", "{110055C4-A8F6-4A62-B565-1CCAED78A02A}"
EndProject
Project("{9A19103F-16F7-4668-BE54-9A1E7A4F7556}") = "Proton.Shared", "Proton.Shared\Proton.Shared.csproj", "{181E5FD4-A09D-4BE6-ADB7-79E87D2DDB24}"
EndProject
Global
	GlobalSection(SolutionConfigurationPlatforms) = preSolution
		Debug|Any CPU = Debug|Any CPU
		Release|Any CPU = Release|Any CPU
	EndGlobalSection
	GlobalSection(ProjectConfigurationPlatforms) = postSolution
		{76BC93CD-6556-41F4-8F30-ACD863A4BDA5}.Debug|Any CPU.ActiveCfg = Debug|Any CPU
		{76BC93CD-6556-41F4-8F30-ACD863A4BDA5}.Debug|Any CPU.Build.0 = Debug|Any CPU
		{76BC93CD-6556-41F4-8F30-ACD863A4BDA5}.Release|Any CPU.ActiveCfg = Release|Any CPU
		{76BC93CD-6556-41F4-8F30-ACD863A4BDA5}.Release|Any CPU.Build.0 = Release|Any CPU
		{19DF224C-130E-45CB-B675-4273D633261C}.Debug|Any CPU.ActiveCfg = Debug|Any CPU
		{19DF224C-130E-45CB-B675-4273D633261C}.Debug|Any CPU.Build.0 = Debug|Any CPU
		{19DF224C-130E-45CB-B675-4273D633261C}.Release|Any CPU.ActiveCfg = Release|Any CPU
		{19DF224C-130E-45CB-B675-4273D633261C}.Release|Any CPU.Build.0 = Release|Any CPU
		{137BD615-29E6-414B-BDCF-412A1CAFF961}.Debug|Any CPU.ActiveCfg = Debug|Any CPU
		{137BD615-29E6-414B-BDCF-412A1CAFF961}.Debug|Any CPU.Build.0 = Debug|Any CPU
		{137BD615-29E6-414B-BDCF-412A1CAFF961}.Release|Any CPU.ActiveCfg = Release|Any CPU
		{137BD615-29E6-414B-BDCF-412A1CAFF961}.Release|Any CPU.Build.0 = Release|Any CPU
		{C05BE4ED-2DEA-4090-A2D2-7ABB18B7FF81}.Debug|Any CPU.ActiveCfg = Debug|Any CPU
		{C05BE4ED-2DEA-4090-A2D2-7ABB18B7FF81}.Debug|Any CPU.Build.0 = Debug|Any CPU
		{C05BE4ED-2DEA-4090-A2D2-7ABB18B7FF81}.Release|Any CPU.ActiveCfg = Release|Any CPU
		{C05BE4ED-2DEA-4090-A2D2-7ABB18B7FF81}.Release|Any CPU.Build.0 = Release|Any CPU
		{C9180EFC-0B0F-49B5-AB9A-E92177259346}.Debug|Any CPU.ActiveCfg = Debug|Any CPU
		{C9180EFC-0B0F-49B5-AB9A-E92177259346}.Debug|Any CPU.Build.0 = Debug|Any CPU
		{C9180EFC-0B0F-49B5-AB9A-E92177259346}.Release|Any CPU.ActiveCfg = Release|Any CPU
		{C9180EFC-0B0F-49B5-AB9A-E92177259346}.Release|Any CPU.Build.0 = Release|Any CPU
		{110055C4-A8F6-4A62-B565-1CCAED78A02A}.Debug|Any CPU.ActiveCfg = Debug|Any CPU
		{110055C4-A8F6-4A62-B565-1CCAED78A02A}.Debug|Any CPU.Build.0 = Debug|Any CPU
		{110055C4-A8F6-4A62-B565-1CCAED78A02A}.Release|Any CPU.ActiveCfg = Release|Any CPU
		{110055C4-A8F6-4A62-B565-1CCAED78A02A}.Release|Any CPU.Build.0 = Release|Any CPU
		{181E5FD4-A09D-4BE6-ADB7-79E87D2DDB24}.Debug|Any CPU.ActiveCfg = Debug|Any CPU
		{181E5FD4-A09D-4BE6-ADB7-79E87D2DDB24}.Debug|Any CPU.Build.0 = Debug|Any CPU
		{181E5FD4-A09D-4BE6-ADB7-79E87D2DDB24}.Release|Any CPU.ActiveCfg = Release|Any CPU
		{181E5FD4-A09D-4BE6-ADB7-79E87D2DDB24}.Release|Any CPU.Build.0 = Release|Any CPU
	EndGlobalSection
	GlobalSection(SolutionProperties) = preSolution
		HideSolutionNode = FALSE
	EndGlobalSection
	GlobalSection(ExtensibilityGlobals) = postSolution
		SolutionGuid = {41BE99E5-8397-405F-A2E3-C5A029C49371}
	EndGlobalSection
EndGlobal
